{
  "version": 4,
  "terraform_version": "1.5.7",
  "serial": 12,
  "lineage": "4a5389e8-c6c9-c395-c9c8-6eb7f1fb623b",
  "outputs": {
    "public_ip_address": {
      "value": "mtc-vm public IP: 13.86.69.201",
      "type": "string"
    }
  },
  "resources": [
    {
      "mode": "data",
      "type": "azurerm_public_ip",
      "name": "mtc-ip-data",
      "provider": "provider[\"registry.terraform.io/hashicorp/azurerm\"]",
      "instances": [
        {
          "schema_version": 0,
          "attributes": {
            "allocation_method": "Dynamic",
            "domain_name_label": "",
            "fqdn": "",
            "id": "/subscriptions/d59b3d1b-06c6-40e9-9838-8c0ceca6c2e5/resourceGroups/mtc-resource/providers/Microsoft.Network/publicIPAddresses/mtc-ip",
            "idle_timeout_in_minutes": 4,
            "ip_address": "13.86.69.201",
            "ip_tags": {},
            "ip_version": "IPv4",
            "location": "centralus",
            "name": "mtc-ip",
            "resource_group_name": "mtc-resource",
            "reverse_fqdn": "",
            "sku": "Basic",
            "tags": {
              "environment": "dev"
            },
            "timeouts": null,
            "zones": []
          },
          "sensitive_attributes": []
        }
      ]
    },
    {
      "mode": "managed",
      "type": "azurerm_linux_virtual_machine",
      "name": "mtc-vm",
      "provider": "provider[\"registry.terraform.io/hashicorp/azurerm\"]",
      "instances": [
        {
          "schema_version": 0,
          "attributes": {
            "additional_capabilities": [],
            "admin_password": null,
            "admin_ssh_key": [
              {
                "public_key": "ssh-rsa AAAAB3NzaC1yc2EAAAADAQABAAACAQCywXFgAJ8MmhiLksl6czPgAZS2zXf+RBp+5uPUq+67B55qMlkmR7mAWyZQoTzayP77n3N5eZgxoYD6CqYTyuSZ9vD3abkKSCkYEREOsaMJ58YIaW8USUlHUyFQTEvRcEilAd7gwz/4GR8dm5dchRFOX8aPPkE3xuc4i/h9NjXNwSn5Hc3iOx2nPPunqHehRaCAfPhHxtjqQ8EHblIjpQKtNqy20zoZlmzzlymhVdTu+VwieOtZmAlUYOujloBT4DdcFeVnCz3jXlNKxq8Y5AcDub5MUfU/K+qhnwq+p75AhD10LtSkWKUZET3hVVHKkcmgOsVyfC+/ITFRXyw9BvhV7myW+8bKAw9qTJo1JbRR8sM15++Oy6OVpfZmp9uxc/K/f3fv1elBDsdpCkieCEqoSgMeTrgavdUqql08joO1/5pBJ2yQT9dhQcxx050y4KZGcH/oxKc/oQyqffIJGsMeeSDWlBz6mddNE6EwSI0z4TEQ5MX9/vVrQCXmUgsAq/3jW+kyUJhDJO5JNwN+qYGRpRzQM0bsN7E0O4kelI4sMthKLlnFIhK6o898pBGZlnbimnjtAf7eAavGPoLviYeZ5hh6Nk39/aXLJNWBNQb5iBAM5aBf3QODej4agTkFxBUoWRQ4zqMe9+oMgnK7bUyCX5ZrF6WqX5KJk3aNZMhjkQ== davidgresham@MacBookPro.lan\n",
                "username": "adminuser"
              }
            ],
            "admin_username": "adminuser",
            "allow_extension_operations": true,
            "availability_set_id": "",
            "boot_diagnostics": [],
            "computer_name": "mtc-vm",
            "custom_data": "IyEvYmluL2Jhc2gKc3VkbyBhcHQtZ2V0IHVwZGF0ZSAteSAmJgpzdWRvIGFwdC1nZXQgaW5zdGFsbCAteSBcCmFwdC10cmFuc3BvcnQtaHR0cHMgXApjYS1jZXJ0aWZpY2F0ZXMgXApjdXJsIFwKZ251cGctYWdlbnQgXApzb2Z0d2FyZS1wcm9wZXJ0aWVzLWNvbW1vbiAmJgpjdXJsIC1mc1NMIGh0dHBzOi8vZG93bmxvYWQuZG9ja2VyLmNvbS9saW51eC91YnVudHUvZ3BnIHwgc3VkbyBhcHQta2V5IGFkZCAtICYmCnN1ZG8gYWRkLWFwdC1yZXBvc2l0b3J5ICJkZWIgW2FyY2g9YW1kNjRdIGh0dHBzOi8vZG93bmxvYWQuZG9ja2VyLmNvbS9saW51eC91YnVudHUgJChsc2JfcmVsZWFzZSAtY3MpIHN0YWJsZSIgJiYKc3VkbyBhcHQtZ2V0IHVwZGF0ZSAteSAmJgpzdWRvIHN1ZG8gYXB0LWdldCBpbnN0YWxsIGRvY2tlci1jZSBkb2NrZXItY2UtY2xpIGNvbnRhaW5lcmQuaW8gLXkgJiYKc3VkbyB1c2VybW9kIC1hRyBkb2NrZXIgdWJ1bnR1",
            "dedicated_host_group_id": "",
            "dedicated_host_id": "",
            "disable_password_authentication": true,
            "edge_zone": "",
            "encryption_at_host_enabled": false,
            "eviction_policy": "",
            "extensions_time_budget": "PT1H30M",
            "id": "/subscriptions/d59b3d1b-06c6-40e9-9838-8c0ceca6c2e5/resourceGroups/mtc-resource/providers/Microsoft.Compute/virtualMachines/mtc-vm",
            "identity": [],
            "license_type": "",
            "location": "centralus",
            "max_bid_price": -1,
            "name": "mtc-vm",
            "network_interface_ids": [
              "/subscriptions/d59b3d1b-06c6-40e9-9838-8c0ceca6c2e5/resourceGroups/mtc-resource/providers/Microsoft.Network/networkInterfaces/mtc-nic"
            ],
            "os_disk": [
              {
                "caching": "ReadWrite",
                "diff_disk_settings": [],
                "disk_encryption_set_id": "",
                "disk_size_gb": 30,
                "name": "mtc-vm_OsDisk_1_3b852b0500a045d3b7c542ec73e4fab9",
                "storage_account_type": "Standard_LRS",
                "write_accelerator_enabled": false
              }
            ],
            "patch_mode": "ImageDefault",
            "plan": [],
            "platform_fault_domain": -1,
            "priority": "Regular",
            "private_ip_address": "10.123.1.4",
            "private_ip_addresses": [
              "10.123.1.4"
            ],
            "provision_vm_agent": true,
            "proximity_placement_group_id": "",
            "public_ip_address": "13.86.69.201",
            "public_ip_addresses": [
              "13.86.69.201"
            ],
            "resource_group_name": "mtc-resource",
            "secret": [],
            "secure_boot_enabled": false,
            "size": "Standard_B1s",
            "source_image_id": "",
            "source_image_reference": [
              {
                "offer": "ubuntu-25_04",
                "publisher": "Canonical",
                "sku": "server",
                "version": "latest"
              }
            ],
            "tags": {},
            "termination_notification": [],
            "timeouts": null,
            "user_data": "",
            "virtual_machine_id": "1bd90855-9df3-4ea0-a6a2-e1676cda9093",
            "virtual_machine_scale_set_id": "",
            "vtpm_enabled": false,
            "zone": ""
          },
          "sensitive_attributes": [],
          "private": "eyJlMmJmYjczMC1lY2FhLTExZTYtOGY4OC0zNDM2M2JjN2M0YzAiOnsiY3JlYXRlIjoyNzAwMDAwMDAwMDAwLCJkZWxldGUiOjI3MDAwMDAwMDAwMDAsInJlYWQiOjMwMDAwMDAwMDAwMCwidXBkYXRlIjoyNzAwMDAwMDAwMDAwfX0=",
          "dependencies": [
            "azurerm_network_interface.mtc-nic",
            "azurerm_public_ip.mtc-ip",
            "azurerm_resource_group.mtc-rg",
            "azurerm_subnet.mtc-subnet",
            "azurerm_virtual_network.mtc-vnet"
          ]
        }
      ]
    },
    {
      "mode": "managed",
      "type": "azurerm_network_interface",
      "name": "mtc-nic",
      "provider": "provider[\"registry.terraform.io/hashicorp/azurerm\"]",
      "instances": [
        {
          "schema_version": 0,
          "attributes": {
            "applied_dns_servers": [],
            "dns_servers": [],
            "edge_zone": "",
            "enable_accelerated_networking": false,
            "enable_ip_forwarding": false,
            "id": "/subscriptions/d59b3d1b-06c6-40e9-9838-8c0ceca6c2e5/resourceGroups/mtc-resource/providers/Microsoft.Network/networkInterfaces/mtc-nic",
            "internal_dns_name_label": "",
            "internal_domain_name_suffix": "zjxjzp4uveke3lu3zhy24xsyug.gx.internal.cloudapp.net",
            "ip_configuration": [
              {
                "gateway_load_balancer_frontend_ip_configuration_id": "",
                "name": "internal",
                "primary": true,
                "private_ip_address": "10.123.1.4",
                "private_ip_address_allocation": "Dynamic",
                "private_ip_address_version": "IPv4",
                "public_ip_address_id": "/subscriptions/d59b3d1b-06c6-40e9-9838-8c0ceca6c2e5/resourceGroups/mtc-resource/providers/Microsoft.Network/publicIPAddresses/mtc-ip",
                "subnet_id": "/subscriptions/d59b3d1b-06c6-40e9-9838-8c0ceca6c2e5/resourceGroups/mtc-resource/providers/Microsoft.Network/virtualNetworks/mtc-network/subnets/mtc-subnet"
              }
            ],
            "location": "centralus",
            "mac_address": "00-0D-3A-91-E3-21",
            "name": "mtc-nic",
            "private_ip_address": "10.123.1.4",
            "private_ip_addresses": [
              "10.123.1.4"
            ],
            "resource_group_name": "mtc-resource",
            "tags": {
              "environment": "dev"
            },
            "timeouts": null,
            "virtual_machine_id": "/subscriptions/d59b3d1b-06c6-40e9-9838-8c0ceca6c2e5/resourceGroups/mtc-resource/providers/Microsoft.Compute/virtualMachines/mtc-vm"
          },
          "sensitive_attributes": [],
          "private": "eyJlMmJmYjczMC1lY2FhLTExZTYtOGY4OC0zNDM2M2JjN2M0YzAiOnsiY3JlYXRlIjoxODAwMDAwMDAwMDAwLCJkZWxldGUiOjE4MDAwMDAwMDAwMDAsInJlYWQiOjMwMDAwMDAwMDAwMCwidXBkYXRlIjoxODAwMDAwMDAwMDAwfX0=",
          "dependencies": [
            "azurerm_public_ip.mtc-ip",
            "azurerm_resource_group.mtc-rg",
            "azurerm_subnet.mtc-subnet",
            "azurerm_virtual_network.mtc-vnet"
          ]
        }
      ]
    },
    {
      "mode": "managed",
      "type": "azurerm_network_security_group",
      "name": "mtc-sg",
      "provider": "provider[\"registry.terraform.io/hashicorp/azurerm\"]",
      "instances": [
        {
          "schema_version": 0,
          "attributes": {
            "id": "/subscriptions/d59b3d1b-06c6-40e9-9838-8c0ceca6c2e5/resourceGroups/mtc-resource/providers/Microsoft.Network/networkSecurityGroups/mtc-sg",
            "location": "centralus",
            "name": "mtc-sg",
            "resource_group_name": "mtc-resource",
            "security_rule": [
              {
                "access": "Allow",
                "description": "",
                "destination_address_prefix": "*",
                "destination_address_prefixes": [],
                "destination_application_security_group_ids": [],
                "destination_port_range": "",
                "destination_port_ranges": [
                  "22",
                  "443",
                  "80"
                ],
                "direction": "Inbound",
                "name": "mtc-dev-rule",
                "priority": 100,
                "protocol": "*",
                "source_address_prefix": "*",
                "source_address_prefixes": [],
                "source_application_security_group_ids": [],
                "source_port_range": "*",
                "source_port_ranges": []
              }
            ],
            "tags": {
              "environment": "dev"
            },
            "timeouts": null
          },
          "sensitive_attributes": [],
          "private": "eyJlMmJmYjczMC1lY2FhLTExZTYtOGY4OC0zNDM2M2JjN2M0YzAiOnsiY3JlYXRlIjoxODAwMDAwMDAwMDAwLCJkZWxldGUiOjE4MDAwMDAwMDAwMDAsInJlYWQiOjMwMDAwMDAwMDAwMCwidXBkYXRlIjoxODAwMDAwMDAwMDAwfX0=",
          "dependencies": [
            "azurerm_resource_group.mtc-rg"
          ]
        }
      ]
    },
    {
      "mode": "managed",
      "type": "azurerm_network_security_rule",
      "name": "mtc-dev-rule",
      "provider": "provider[\"registry.terraform.io/hashicorp/azurerm\"]",
      "instances": [
        {
          "schema_version": 0,
          "attributes": {
            "access": "Allow",
            "description": "",
            "destination_address_prefix": "*",
            "destination_address_prefixes": [],
            "destination_application_security_group_ids": [],
            "destination_port_range": "",
            "destination_port_ranges": [
              "22",
              "443",
              "80"
            ],
            "direction": "Inbound",
            "id": "/subscriptions/d59b3d1b-06c6-40e9-9838-8c0ceca6c2e5/resourceGroups/mtc-resource/providers/Microsoft.Network/networkSecurityGroups/mtc-sg/securityRules/mtc-dev-rule",
            "name": "mtc-dev-rule",
            "network_security_group_name": "mtc-sg",
            "priority": 100,
            "protocol": "*",
            "resource_group_name": "mtc-resource",
            "source_address_prefix": "*",
            "source_address_prefixes": [],
            "source_application_security_group_ids": [],
            "source_port_range": "*",
            "source_port_ranges": [],
            "timeouts": null
          },
          "sensitive_attributes": [],
          "private": "eyJlMmJmYjczMC1lY2FhLTExZTYtOGY4OC0zNDM2M2JjN2M0YzAiOnsiY3JlYXRlIjoxODAwMDAwMDAwMDAwLCJkZWxldGUiOjE4MDAwMDAwMDAwMDAsInJlYWQiOjMwMDAwMDAwMDAwMCwidXBkYXRlIjoxODAwMDAwMDAwMDAwfX0=",
          "dependencies": [
            "azurerm_network_security_group.mtc-sg",
            "azurerm_resource_group.mtc-rg"
          ]
        }
      ]
    },
    {
      "mode": "managed",
      "type": "azurerm_public_ip",
      "name": "mtc-ip",
      "provider": "provider[\"registry.terraform.io/hashicorp/azurerm\"]",
      "instances": [
        {
          "schema_version": 0,
          "attributes": {
            "allocation_method": "Dynamic",
            "domain_name_label": null,
            "edge_zone": "",
            "fqdn": null,
            "id": "/subscriptions/d59b3d1b-06c6-40e9-9838-8c0ceca6c2e5/resourceGroups/mtc-resource/providers/Microsoft.Network/publicIPAddresses/mtc-ip",
            "idle_timeout_in_minutes": 4,
            "ip_address": "13.86.69.201",
            "ip_tags": {},
            "ip_version": "IPv4",
            "location": "centralus",
            "name": "mtc-ip",
            "public_ip_prefix_id": null,
            "resource_group_name": "mtc-resource",
            "reverse_fqdn": null,
            "sku": "Basic",
            "sku_tier": "Regional",
            "tags": {
              "environment": "dev"
            },
            "timeouts": null,
            "zones": []
          },
          "sensitive_attributes": [],
          "private": "eyJlMmJmYjczMC1lY2FhLTExZTYtOGY4OC0zNDM2M2JjN2M0YzAiOnsiY3JlYXRlIjoxODAwMDAwMDAwMDAwLCJkZWxldGUiOjE4MDAwMDAwMDAwMDAsInJlYWQiOjMwMDAwMDAwMDAwMCwidXBkYXRlIjoxODAwMDAwMDAwMDAwfX0=",
          "dependencies": [
            "azurerm_resource_group.mtc-rg"
          ]
        }
      ]
    },
    {
      "mode": "managed",
      "type": "azurerm_resource_group",
      "name": "mtc-rg",
      "provider": "provider[\"registry.terraform.io/hashicorp/azurerm\"]",
      "instances": [
        {
          "schema_version": 0,
          "attributes": {
            "id": "/subscriptions/d59b3d1b-06c6-40e9-9838-8c0ceca6c2e5/resourceGroups/mtc-resource",
            "location": "centralus",
            "name": "mtc-resource",
            "tags": {
              "environment": "dev"
            },
            "timeouts": null
          },
          "sensitive_attributes": [],
          "private": "eyJlMmJmYjczMC1lY2FhLTExZTYtOGY4OC0zNDM2M2JjN2M0YzAiOnsiY3JlYXRlIjo1NDAwMDAwMDAwMDAwLCJkZWxldGUiOjU0MDAwMDAwMDAwMDAsInJlYWQiOjMwMDAwMDAwMDAwMCwidXBkYXRlIjo1NDAwMDAwMDAwMDAwfX0="
        }
      ]
    },
    {
      "mode": "managed",
      "type": "azurerm_subnet",
      "name": "mtc-subnet",
      "provider": "provider[\"registry.terraform.io/hashicorp/azurerm\"]",
      "instances": [
        {
          "schema_version": 0,
          "attributes": {
            "address_prefixes": [
              "10.123.1.0/24"
            ],
            "delegation": [],
            "enforce_private_link_endpoint_network_policies": false,
            "enforce_private_link_service_network_policies": false,
            "id": "/subscriptions/d59b3d1b-06c6-40e9-9838-8c0ceca6c2e5/resourceGroups/mtc-resource/providers/Microsoft.Network/virtualNetworks/mtc-network/subnets/mtc-subnet",
            "name": "mtc-subnet",
            "resource_group_name": "mtc-resource",
            "service_endpoint_policy_ids": [],
            "service_endpoints": [],
            "timeouts": null,
            "virtual_network_name": "mtc-network"
          },
          "sensitive_attributes": [],
          "private": "eyJlMmJmYjczMC1lY2FhLTExZTYtOGY4OC0zNDM2M2JjN2M0YzAiOnsiY3JlYXRlIjoxODAwMDAwMDAwMDAwLCJkZWxldGUiOjE4MDAwMDAwMDAwMDAsInJlYWQiOjMwMDAwMDAwMDAwMCwidXBkYXRlIjoxODAwMDAwMDAwMDAwfX0=",
          "dependencies": [
            "azurerm_resource_group.mtc-rg",
            "azurerm_virtual_network.mtc-vnet"
          ]
        }
      ]
    },
    {
      "mode": "managed",
      "type": "azurerm_subnet_network_security_group_association",
      "name": "mtc-subnet-sga",
      "provider": "provider[\"registry.terraform.io/hashicorp/azurerm\"]",
      "instances": [
        {
          "schema_version": 0,
          "attributes": {
            "id": "/subscriptions/d59b3d1b-06c6-40e9-9838-8c0ceca6c2e5/resourceGroups/mtc-resource/providers/Microsoft.Network/virtualNetworks/mtc-network/subnets/mtc-subnet",
            "network_security_group_id": "/subscriptions/d59b3d1b-06c6-40e9-9838-8c0ceca6c2e5/resourceGroups/mtc-resource/providers/Microsoft.Network/networkSecurityGroups/mtc-sg",
            "subnet_id": "/subscriptions/d59b3d1b-06c6-40e9-9838-8c0ceca6c2e5/resourceGroups/mtc-resource/providers/Microsoft.Network/virtualNetworks/mtc-network/subnets/mtc-subnet",
            "timeouts": null
          },
          "sensitive_attributes": [],
          "private": "eyJlMmJmYjczMC1lY2FhLTExZTYtOGY4OC0zNDM2M2JjN2M0YzAiOnsiY3JlYXRlIjoxODAwMDAwMDAwMDAwLCJkZWxldGUiOjE4MDAwMDAwMDAwMDAsInJlYWQiOjMwMDAwMDAwMDAwMCwidXBkYXRlIjoxODAwMDAwMDAwMDAwfX0=",
          "dependencies": [
            "azurerm_network_security_group.mtc-sg",
            "azurerm_resource_group.mtc-rg",
            "azurerm_subnet.mtc-subnet",
            "azurerm_virtual_network.mtc-vnet"
          ]
        }
      ]
    },
    {
      "mode": "managed",
      "type": "azurerm_virtual_network",
      "name": "mtc-vnet",
      "provider": "provider[\"registry.terraform.io/hashicorp/azurerm\"]",
      "instances": [
        {
          "schema_version": 0,
          "attributes": {
            "address_space": [
              "10.123.0.0/16"
            ],
            "bgp_community": "",
            "ddos_protection_plan": [],
            "dns_servers": [],
            "edge_zone": "",
            "flow_timeout_in_minutes": 0,
            "guid": "bf9c6eca-a9d4-4e14-ae9d-c9f1cf5e58a6",
            "id": "/subscriptions/d59b3d1b-06c6-40e9-9838-8c0ceca6c2e5/resourceGroups/mtc-resource/providers/Microsoft.Network/virtualNetworks/mtc-network",
            "location": "centralus",
            "name": "mtc-network",
            "resource_group_name": "mtc-resource",
            "subnet": [
              {
                "address_prefix": "10.123.1.0/24",
                "id": "/subscriptions/d59b3d1b-06c6-40e9-9838-8c0ceca6c2e5/resourceGroups/mtc-resource/providers/Microsoft.Network/virtualNetworks/mtc-network/subnets/mtc-subnet",
                "name": "mtc-subnet",
                "security_group": "/subscriptions/d59b3d1b-06c6-40e9-9838-8c0ceca6c2e5/resourceGroups/mtc-resource/providers/Microsoft.Network/networkSecurityGroups/mtc-sg"
              }
            ],
            "tags": {
              "environment": "dev"
            },
            "timeouts": null
          },
          "sensitive_attributes": [],
          "private": "eyJlMmJmYjczMC1lY2FhLTExZTYtOGY4OC0zNDM2M2JjN2M0YzAiOnsiY3JlYXRlIjoxODAwMDAwMDAwMDAwLCJkZWxldGUiOjE4MDAwMDAwMDAwMDAsInJlYWQiOjMwMDAwMDAwMDAwMCwidXBkYXRlIjoxODAwMDAwMDAwMDAwfX0=",
          "dependencies": [
            "azurerm_resource_group.mtc-rg"
          ]
        }
      ]
    }
  ],
  "check_results": null
}
